{
  "requires": true,
  "lockfileVersion": 1,
  "dependencies": {
    "node_example_arrays": {
      "version": "1.0.0",
      "resolved": "https://registry.npmjs.org/node_example_arrays/-/node_example_arrays-1.0.0.tgz",
      "integrity": "sha512-dlPf2ZZ9WGpOt6Tt/TRQOEn4FCIf305Z0HnEgHRWQw2/UbofFARGtYZwBLioUrTnv7qY0pzwCDCsY4/31MubfQ=="
    }
  }
}
